<?xml version="1.0" encoding="utf-8"?>
<Project xmlns="http://schemas.microsoft.com/developer/msbuild/2003">
  <ItemGroup>
    <Filter Include="Generated Files">
      <UniqueIdentifier>{71ED8ED8-ACB9-4CE9-BBE1-E00B30144E11}</UniqueIdentifier>
      <Extensions>cpp;c;cxx;moc;h;def;odl;idl;res;</Extensions>
    </Filter>
    <Filter Include="Generated Files">
      <UniqueIdentifier>{71ED8ED8-ACB9-4CE9-BBE1-E00B30144E11}</UniqueIdentifier>
      <Extensions>cpp;c;cxx;moc;h;def;odl;idl;res;</Extensions>
    </Filter>
    <Filter Include="Header Files">
      <UniqueIdentifier>{93995380-89BD-4b04-88EB-625FBE52EBFB}</UniqueIdentifier>
      <Extensions>h;hpp;hxx;hm;inl;inc;xsd</Extensions>
    </Filter>
    <Filter Include="Header Files">
      <UniqueIdentifier>{93995380-89BD-4b04-88EB-625FBE52EBFB}</UniqueIdentifier>
      <Extensions>h;hpp;hxx;hm;inl;inc;xsd</Extensions>
    </Filter>
    <Filter Include="Resource Files">
      <UniqueIdentifier>{D9D6E242-F8AF-46E4-B9FD-80ECBC20BA3E}</UniqueIdentifier>
      <Extensions>qrc;*</Extensions>
      <ParseFiles>false</ParseFiles>
    </Filter>
    <Filter Include="Resource Files">
      <UniqueIdentifier>{D9D6E242-F8AF-46E4-B9FD-80ECBC20BA3E}</UniqueIdentifier>
      <Extensions>qrc;*</Extensions>
      <ParseFiles>false</ParseFiles>
    </Filter>
    <Filter Include="Source Files">
      <UniqueIdentifier>{4FC737F1-C7A5-4376-A066-2A32D752A2FF}</UniqueIdentifier>
      <Extensions>cpp;c;cxx;def;odl;idl;hpj;bat;asm;asmx</Extensions>
    </Filter>
    <Filter Include="Source Files">
      <UniqueIdentifier>{4FC737F1-C7A5-4376-A066-2A32D752A2FF}</UniqueIdentifier>
      <Extensions>cpp;c;cxx;def;odl;idl;hpj;bat;asm;asmx</Extensions>
    </Filter>
  </ItemGroup>
  <ItemGroup>
    <ClCompile Include="backend.cpp">
      <Filter>Source Files</Filter>
    </ClCompile>
    <ClCompile Include="documenthandler.cpp">
      <Filter>Source Files</Filter>
    </ClCompile>
    <ClCompile Include="documentslistmodel.cpp">
      <Filter>Source Files</Filter>
    </ClCompile>
    <ClCompile Include="documentslistmodule.cpp">
      <Filter>Source Files</Filter>
    </ClCompile>
    <ClCompile Include="evaluationmodule.cpp">
      <Filter>Source Files</Filter>
    </ClCompile>
    <ClCompile Include="imageprovider.cpp">
      <Filter>Source Files</Filter>
    </ClCompile>
    <ClCompile Include="infoclass.cpp">
      <Filter>Source Files</Filter>
    </ClCompile>
    <ClCompile Include="inspectionsystem.cpp">
      <Filter>Source Files</Filter>
    </ClCompile>
    <ClCompile Include="jsonparseclass.cpp">
      <Filter>Source Files</Filter>
    </ClCompile>
    <ClCompile Include="main.cpp">
      <Filter>Source Files</Filter>
    </ClCompile>
    <ClCompile Include="patternrecognitionmodule.cpp">
      <Filter>Source Files</Filter>
    </ClCompile>
    <ClCompile Include="recognitionmodule.cpp">
      <Filter>Source Files</Filter>
    </ClCompile>
    <ClCompile Include="recognitionresults.cpp">
      <Filter>Source Files</Filter>
    </ClCompile>
  </ItemGroup>
  <ItemGroup>
    <QtMoc Include="backend.h">
      <Filter>Header Files</Filter>
    </QtMoc>
    <ClInclude Include="documenthandler.h">
      <Filter>Header Files</Filter>
    </ClInclude>
    <QtMoc Include="documentslistmodel.h">
      <Filter>Header Files</Filter>
    </QtMoc>
    <QtMoc Include="documentslistmodule.h">
      <Filter>Header Files</Filter>
    </QtMoc>
    <ClInclude Include="evaluationmodule.h">
      <Filter>Header Files</Filter>
    </ClInclude>
    <ClInclude Include="imageprovider.h">
      <Filter>Header Files</Filter>
    </ClInclude>
    <ClInclude Include="infoclass.h">
      <Filter>Header Files</Filter>
    </ClInclude>
    <QtMoc Include="inspectionsystem.h">
      <Filter>Header Files</Filter>
    </QtMoc>
    <ClInclude Include="jsonparseclass.h">
      <Filter>Header Files</Filter>
    </ClInclude>
    <ClInclude Include="patternrecognitionmodule.h">
      <Filter>Header Files</Filter>
    </ClInclude>
    <ClInclude Include="recognitionmodule.h">
      <Filter>Header Files</Filter>
    </ClInclude>
    <ClInclude Include="recognitionresults.h">
      <Filter>Header Files</Filter>
    </ClInclude>
  </ItemGroup>
  <ItemGroup>
    <CustomBuild Include="debug\moc_predefs.h.cbt">
      <Filter>Generated Files</Filter>
    </CustomBuild>
    <CustomBuild Include="release\moc_predefs.h.cbt">
      <Filter>Generated Files</Filter>
    </CustomBuild>
  </ItemGroup>
  <ItemGroup>
    <None Include="Button.qml">
      <Filter>Resource Files</Filter>
    </None>
    <None Include="CustomDelegate.qml">
      <Filter>Resource Files</Filter>
    </None>
    <None Include="CustomMenuItem.qml">
      <Filter>Resource Files</Filter>
    </None>
    <None Include="Example2.PNG">
      <Filter>Resource Files</Filter>
    </None>
    <None Include="Example_2-1.PNG">
      <Filter>Resource Files</Filter>
    </None>
    <None Include="MyButton.qml">
      <Filter>Resource Files</Filter>
    </None>
    <None Include="Square.qml">
      <Filter>Resource Files</Filter>
    </None>
    <None Include="background.png">
      <Filter>Resource Files</Filter>
    </None>
    <None Include="column.qml">
      <Filter>Resource Files</Filter>
    </None>
    <None Include="fontello.ttf">
      <Filter>Resource Files</Filter>
    </None>
    <None Include="main.qml">
      <Filter>Resource Files</Filter>
    </None>
    <QtRcc Include="qml.qrc">
      <Filter>Resource Files</Filter>
    </QtRcc>
    <None Include="CreatePatternRecognition.qml">
      <Filter>Resource Files</Filter>
    </None>
  </ItemGroup>
  <ItemGroup>
    <ClInclude Include="resource.h">
      <Filter>Generated Files</Filter>
    </ClInclude>
  </ItemGroup>
  <ItemGroup>
    <ResourceCompile Include="QMLTestApp.rc" />
  </ItemGroup>
  <ItemGroup>
    <Image Include="Scan1.png">
      <Filter>Resource Files</Filter>
    </Image>
  </ItemGroup>
</Project>